
Microsoft Visual Studio Solution File, Format Version 12.00
# Visual Studio 15
VisualStudioVersion = 15.0.26430.6
MinimumVisualStudioVersion = 10.0.40219.1
Project("{D954291E-2A0B-460D-934E-DC6B0785DB48}") = "EcardQuery.Shared", "EcardQuery.Shared\EcardQuery.Shared.shproj", "{F258B5C5-15D6-48CB-969F-644CEEB70B4C}"
EndProject
Project("{FAE04EC0-301F-11D3-BF4B-00C04F79EFBC}") = "EcardQuery.UWP", "EcardQuery.UWP\EcardQuery.UWP.csproj", "{0D809766-A6D5-49DB-BC21-190659F4CFD7}"
EndProject
Project("{D954291E-2A0B-460D-934E-DC6B0785DB48}") = "EcardQuery.UI", "EcardQuery.UI\EcardQuery.UI.shproj", "{39811377-D899-40C7-A737-57C9DF2F5A81}"
EndProject
Project("{FAE04EC0-301F-11D3-BF4B-00C04F79EFBC}") = "EcardQuery.Android", "EcardQuery.Android\EcardQuery.Android.csproj", "{A5F4C832-D665-405C-AD0F-E8859B00A319}"
EndProject
Global
	GlobalSection(SharedMSBuildProjectFiles) = preSolution
		EcardQuery.Shared\EcardQuery.Shared.projitems*{0d809766-a6d5-49db-bc21-190659f4cfd7}*SharedItemsImports = 4
		EcardQuery.UI\EcardQuery.UI.projitems*{0d809766-a6d5-49db-bc21-190659f4cfd7}*SharedItemsImports = 4
		EcardQuery.UI\EcardQuery.UI.projitems*{39811377-d899-40c7-a737-57c9df2f5a81}*SharedItemsImports = 13
		EcardQuery.Shared\EcardQuery.Shared.projitems*{a5f4c832-d665-405c-ad0f-e8859b00a319}*SharedItemsImports = 4
		EcardQuery.UI\EcardQuery.UI.projitems*{a5f4c832-d665-405c-ad0f-e8859b00a319}*SharedItemsImports = 4
		EcardQuery.Shared\EcardQuery.Shared.projitems*{f258b5c5-15d6-48cb-969f-644ceeb70b4c}*SharedItemsImports = 13
	EndGlobalSection
	GlobalSection(SolutionConfigurationPlatforms) = preSolution
		Ad-Hoc|Any CPU = Ad-Hoc|Any CPU
		Ad-Hoc|ARM = Ad-Hoc|ARM
		Ad-Hoc|iPhone = Ad-Hoc|iPhone
		Ad-Hoc|iPhoneSimulator = Ad-Hoc|iPhoneSimulator
		Ad-Hoc|x64 = Ad-Hoc|x64
		Ad-Hoc|x86 = Ad-Hoc|x86
		AppStore|Any CPU = AppStore|Any CPU
		AppStore|ARM = AppStore|ARM
		AppStore|iPhone = AppStore|iPhone
		AppStore|iPhoneSimulator = AppStore|iPhoneSimulator
		AppStore|x64 = AppStore|x64
		AppStore|x86 = AppStore|x86
		Debug|Any CPU = Debug|Any CPU
		Debug|ARM = Debug|ARM
		Debug|iPhone = Debug|iPhone
		Debug|iPhoneSimulator = Debug|iPhoneSimulator
		Debug|x64 = Debug|x64
		Debug|x86 = Debug|x86
		Release|Any CPU = Release|Any CPU
		Release|ARM = Release|ARM
		Release|iPhone = Release|iPhone
		Release|iPhoneSimulator = Release|iPhoneSimulator
		Release|x64 = Release|x64
		Release|x86 = Release|x86
	EndGlobalSection
	GlobalSection(ProjectConfigurationPlatforms) = postSolution
		{0D809766-A6D5-49DB-BC21-190659F4CFD7}.Ad-Hoc|Any CPU.ActiveCfg = Release|x64
		{0D809766-A6D5-49DB-BC21-190659F4CFD7}.Ad-Hoc|Any CPU.Build.0 = Release|x64
		{0D809766-A6D5-49DB-BC21-190659F4CFD7}.Ad-Hoc|Any CPU.Deploy.0 = Release|x64
		{0D809766-A6D5-49DB-BC21-190659F4CFD7}.Ad-Hoc|ARM.ActiveCfg = Release|ARM
		{0D809766-A6D5-49DB-BC21-190659F4CFD7}.Ad-Hoc|ARM.Build.0 = Release|ARM
		{0D809766-A6D5-49DB-BC21-190659F4CFD7}.Ad-Hoc|ARM.Deploy.0 = Release|ARM
		{0D809766-A6D5-49DB-BC21-190659F4CFD7}.Ad-Hoc|iPhone.ActiveCfg = Release|x64
		{0D809766-A6D5-49DB-BC21-190659F4CFD7}.Ad-Hoc|iPhone.Build.0 = Release|x64
		{0D809766-A6D5-49DB-BC21-190659F4CFD7}.Ad-Hoc|iPhone.Deploy.0 = Release|x64
		{0D809766-A6D5-49DB-BC21-190659F4CFD7}.Ad-Hoc|iPhoneSimulator.ActiveCfg = Release|x64
		{0D809766-A6D5-49DB-BC21-190659F4CFD7}.Ad-Hoc|iPhoneSimulator.Build.0 = Release|x64
		{0D809766-A6D5-49DB-BC21-190659F4CFD7}.Ad-Hoc|iPhoneSimulator.Deploy.0 = Release|x64
		{0D809766-A6D5-49DB-BC21-190659F4CFD7}.Ad-Hoc|x64.ActiveCfg = Release|x64
		{0D809766-A6D5-49DB-BC21-190659F4CFD7}.Ad-Hoc|x64.Build.0 = Release|x64
		{0D809766-A6D5-49DB-BC21-190659F4CFD7}.Ad-Hoc|x64.Deploy.0 = Release|x64
		{0D809766-A6D5-49DB-BC21-190659F4CFD7}.Ad-Hoc|x86.ActiveCfg = Release|x86
		{0D809766-A6D5-49DB-BC21-190659F4CFD7}.Ad-Hoc|x86.Build.0 = Release|x86
		{0D809766-A6D5-49DB-BC21-190659F4CFD7}.Ad-Hoc|x86.Deploy.0 = Release|x86
		{0D809766-A6D5-49DB-BC21-190659F4CFD7}.AppStore|Any CPU.ActiveCfg = Release|x64
		{0D809766-A6D5-49DB-BC21-190659F4CFD7}.AppStore|Any CPU.Build.0 = Release|x64
		{0D809766-A6D5-49DB-BC21-190659F4CFD7}.AppStore|Any CPU.Deploy.0 = Release|x64
		{0D809766-A6D5-49DB-BC21-190659F4CFD7}.AppStore|ARM.ActiveCfg = Release|ARM
		{0D809766-A6D5-49DB-BC21-190659F4CFD7}.AppStore|ARM.Build.0 = Release|ARM
		{0D809766-A6D5-49DB-BC21-190659F4CFD7}.AppStore|ARM.Deploy.0 = Release|ARM
		{0D809766-A6D5-49DB-BC21-190659F4CFD7}.AppStore|iPhone.ActiveCfg = Release|x64
		{0D809766-A6D5-49DB-BC21-190659F4CFD7}.AppStore|iPhone.Build.0 = Release|x64
		{0D809766-A6D5-49DB-BC21-190659F4CFD7}.AppStore|iPhone.Deploy.0 = Release|x64
		{0D809766-A6D5-49DB-BC21-190659F4CFD7}.AppStore|iPhoneSimulator.ActiveCfg = Release|x64
		{0D809766-A6D5-49DB-BC21-190659F4CFD7}.AppStore|iPhoneSimulator.Build.0 = Release|x64
		{0D809766-A6D5-49DB-BC21-190659F4CFD7}.AppStore|iPhoneSimulator.Deploy.0 = Release|x64
		{0D809766-A6D5-49DB-BC21-190659F4CFD7}.AppStore|x64.ActiveCfg = Release|x64
		{0D809766-A6D5-49DB-BC21-190659F4CFD7}.AppStore|x64.Build.0 = Release|x64
		{0D809766-A6D5-49DB-BC21-190659F4CFD7}.AppStore|x64.Deploy.0 = Release|x64
		{0D809766-A6D5-49DB-BC21-190659F4CFD7}.AppStore|x86.ActiveCfg = Release|x86
		{0D809766-A6D5-49DB-BC21-190659F4CFD7}.AppStore|x86.Build.0 = Release|x86
		{0D809766-A6D5-49DB-BC21-190659F4CFD7}.AppStore|x86.Deploy.0 = Release|x86
		{0D809766-A6D5-49DB-BC21-190659F4CFD7}.Debug|Any CPU.ActiveCfg = Debug|x86
		{0D809766-A6D5-49DB-BC21-190659F4CFD7}.Debug|ARM.ActiveCfg = Debug|ARM
		{0D809766-A6D5-49DB-BC21-190659F4CFD7}.Debug|ARM.Build.0 = Debug|ARM
		{0D809766-A6D5-49DB-BC21-190659F4CFD7}.Debug|ARM.Deploy.0 = Debug|ARM
		{0D809766-A6D5-49DB-BC21-190659F4CFD7}.Debug|iPhone.ActiveCfg = Debug|x86
		{0D809766-A6D5-49DB-BC21-190659F4CFD7}.Debug|iPhoneSimulator.ActiveCfg = Debug|x86
		{0D809766-A6D5-49DB-BC21-190659F4CFD7}.Debug|x64.ActiveCfg = Debug|x64
		{0D809766-A6D5-49DB-BC21-190659F4CFD7}.Debug|x64.Build.0 = Debug|x64
		{0D809766-A6D5-49DB-BC21-190659F4CFD7}.Debug|x64.Deploy.0 = Debug|x64
		{0D809766-A6D5-49DB-BC21-190659F4CFD7}.Debug|x86.ActiveCfg = Debug|x86
		{0D809766-A6D5-49DB-BC21-190659F4CFD7}.Debug|x86.Build.0 = Debug|x86
		{0D809766-A6D5-49DB-BC21-190659F4CFD7}.Debug|x86.Deploy.0 = Debug|x86
		{0D809766-A6D5-49DB-BC21-190659F4CFD7}.Release|Any CPU.ActiveCfg = Release|x86
		{0D809766-A6D5-49DB-BC21-190659F4CFD7}.Release|ARM.ActiveCfg = Release|ARM
		{0D809766-A6D5-49DB-BC21-190659F4CFD7}.Release|ARM.Build.0 = Release|ARM
		{0D809766-A6D5-49DB-BC21-190659F4CFD7}.Release|ARM.Deploy.0 = Release|ARM
		{0D809766-A6D5-49DB-BC21-190659F4CFD7}.Release|iPhone.ActiveCfg = Release|x86
		{0D809766-A6D5-49DB-BC21-190659F4CFD7}.Release|iPhoneSimulator.ActiveCfg = Release|x86
		{0D809766-A6D5-49DB-BC21-190659F4CFD7}.Release|x64.ActiveCfg = Release|x64
		{0D809766-A6D5-49DB-BC21-190659F4CFD7}.Release|x64.Build.0 = Release|x64
		{0D809766-A6D5-49DB-BC21-190659F4CFD7}.Release|x64.Deploy.0 = Release|x64
		{0D809766-A6D5-49DB-BC21-190659F4CFD7}.Release|x86.ActiveCfg = Release|x86
		{0D809766-A6D5-49DB-BC21-190659F4CFD7}.Release|x86.Build.0 = Release|x86
		{0D809766-A6D5-49DB-BC21-190659F4CFD7}.Release|x86.Deploy.0 = Release|x86
		{A5F4C832-D665-405C-AD0F-E8859B00A319}.Ad-Hoc|Any CPU.ActiveCfg = Release|Any CPU
		{A5F4C832-D665-405C-AD0F-E8859B00A319}.Ad-Hoc|Any CPU.Build.0 = Release|Any CPU
		{A5F4C832-D665-405C-AD0F-E8859B00A319}.Ad-Hoc|Any CPU.Deploy.0 = Release|Any CPU
		{A5F4C832-D665-405C-AD0F-E8859B00A319}.Ad-Hoc|ARM.ActiveCfg = Release|Any CPU
		{A5F4C832-D665-405C-AD0F-E8859B00A319}.Ad-Hoc|ARM.Build.0 = Release|Any CPU
		{A5F4C832-D665-405C-AD0F-E8859B00A319}.Ad-Hoc|ARM.Deploy.0 = Release|Any CPU
		{A5F4C832-D665-405C-AD0F-E8859B00A319}.Ad-Hoc|iPhone.ActiveCfg = Release|Any CPU
		{A5F4C832-D665-405C-AD0F-E8859B00A319}.Ad-Hoc|iPhone.Build.0 = Release|Any CPU
		{A5F4C832-D665-405C-AD0F-E8859B00A319}.Ad-Hoc|iPhone.Deploy.0 = Release|Any CPU
		{A5F4C832-D665-405C-AD0F-E8859B00A319}.Ad-Hoc|iPhoneSimulator.ActiveCfg = Release|Any CPU
		{A5F4C832-D665-405C-AD0F-E8859B00A319}.Ad-Hoc|iPhoneSimulator.Build.0 = Release|Any CPU
		{A5F4C832-D665-405C-AD0F-E8859B00A319}.Ad-Hoc|iPhoneSimulator.Deploy.0 = Release|Any CPU
		{A5F4C832-D665-405C-AD0F-E8859B00A319}.Ad-Hoc|x64.ActiveCfg = Release|Any CPU
		{A5F4C832-D665-405C-AD0F-E8859B00A319}.Ad-Hoc|x64.Build.0 = Release|Any CPU
		{A5F4C832-D665-405C-AD0F-E8859B00A319}.Ad-Hoc|x64.Deploy.0 = Release|Any CPU
		{A5F4C832-D665-405C-AD0F-E8859B00A319}.Ad-Hoc|x86.ActiveCfg = Release|Any CPU
		{A5F4C832-D665-405C-AD0F-E8859B00A319}.Ad-Hoc|x86.Build.0 = Release|Any CPU
		{A5F4C832-D665-405C-AD0F-E8859B00A319}.Ad-Hoc|x86.Deploy.0 = Release|Any CPU
		{A5F4C832-D665-405C-AD0F-E8859B00A319}.AppStore|Any CPU.ActiveCfg = Release|Any CPU
		{A5F4C832-D665-405C-AD0F-E8859B00A319}.AppStore|Any CPU.Build.0 = Release|Any CPU
		{A5F4C832-D665-405C-AD0F-E8859B00A319}.AppStore|Any CPU.Deploy.0 = Release|Any CPU
		{A5F4C832-D665-405C-AD0F-E8859B00A319}.AppStore|ARM.ActiveCfg = Release|Any CPU
		{A5F4C832-D665-405C-AD0F-E8859B00A319}.AppStore|ARM.Build.0 = Release|Any CPU
		{A5F4C832-D665-405C-AD0F-E8859B00A319}.AppStore|ARM.Deploy.0 = Release|Any CPU
		{A5F4C832-D665-405C-AD0F-E8859B00A319}.AppStore|iPhone.ActiveCfg = Release|Any CPU
		{A5F4C832-D665-405C-AD0F-E8859B00A319}.AppStore|iPhone.Build.0 = Release|Any CPU
		{A5F4C832-D665-405C-AD0F-E8859B00A319}.AppStore|iPhone.Deploy.0 = Release|Any CPU
		{A5F4C832-D665-405C-AD0F-E8859B00A319}.AppStore|iPhoneSimulator.ActiveCfg = Release|Any CPU
		{A5F4C832-D665-405C-AD0F-E8859B00A319}.AppStore|iPhoneSimulator.Build.0 = Release|Any CPU
		{A5F4C832-D665-405C-AD0F-E8859B00A319}.AppStore|iPhoneSimulator.Deploy.0 = Release|Any CPU
		{A5F4C832-D665-405C-AD0F-E8859B00A319}.AppStore|x64.ActiveCfg = Release|Any CPU
		{A5F4C832-D665-405C-AD0F-E8859B00A319}.AppStore|x64.Build.0 = Release|Any CPU
		{A5F4C832-D665-405C-AD0F-E8859B00A319}.AppStore|x64.Deploy.0 = Release|Any CPU
		{A5F4C832-D665-405C-AD0F-E8859B00A319}.AppStore|x86.ActiveCfg = Release|Any CPU
		{A5F4C832-D665-405C-AD0F-E8859B00A319}.AppStore|x86.Build.0 = Release|Any CPU
		{A5F4C832-D665-405C-AD0F-E8859B00A319}.AppStore|x86.Deploy.0 = Release|Any CPU
		{A5F4C832-D665-405C-AD0F-E8859B00A319}.Debug|Any CPU.ActiveCfg = Debug|Any CPU
		{A5F4C832-D665-405C-AD0F-E8859B00A319}.Debug|Any CPU.Build.0 = Debug|Any CPU
		{A5F4C832-D665-405C-AD0F-E8859B00A319}.Debug|Any CPU.Deploy.0 = Debug|Any CPU
		{A5F4C832-D665-405C-AD0F-E8859B00A319}.Debug|ARM.ActiveCfg = Debug|Any CPU
		{A5F4C832-D665-405C-AD0F-E8859B00A319}.Debug|ARM.Build.0 = Debug|Any CPU
		{A5F4C832-D665-405C-AD0F-E8859B00A319}.Debug|ARM.Deploy.0 = Debug|Any CPU
		{A5F4C832-D665-405C-AD0F-E8859B00A319}.Debug|iPhone.ActiveCfg = Debug|Any CPU
		{A5F4C832-D665-405C-AD0F-E8859B00A319}.Debug|iPhone.Build.0 = Debug|Any CPU
		{A5F4C832-D665-405C-AD0F-E8859B00A319}.Debug|iPhone.Deploy.0 = Debug|Any CPU
		{A5F4C832-D665-405C-AD0F-E8859B00A319}.Debug|iPhoneSimulator.ActiveCfg = Debug|Any CPU
		{A5F4C832-D665-405C-AD0F-E8859B00A319}.Debug|iPhoneSimulator.Build.0 = Debug|Any CPU
		{A5F4C832-D665-405C-AD0F-E8859B00A319}.Debug|iPhoneSimulator.Deploy.0 = Debug|Any CPU
		{A5F4C832-D665-405C-AD0F-E8859B00A319}.Debug|x64.ActiveCfg = Debug|Any CPU
		{A5F4C832-D665-405C-AD0F-E8859B00A319}.Debug|x64.Build.0 = Debug|Any CPU
		{A5F4C832-D665-405C-AD0F-E8859B00A319}.Debug|x64.Deploy.0 = Debug|Any CPU
		{A5F4C832-D665-405C-AD0F-E8859B00A319}.Debug|x86.ActiveCfg = Debug|Any CPU
		{A5F4C832-D665-405C-AD0F-E8859B00A319}.Debug|x86.Build.0 = Debug|Any CPU
		{A5F4C832-D665-405C-AD0F-E8859B00A319}.Debug|x86.Deploy.0 = Debug|Any CPU
		{A5F4C832-D665-405C-AD0F-E8859B00A319}.Release|Any CPU.ActiveCfg = Release|Any CPU
		{A5F4C832-D665-405C-AD0F-E8859B00A319}.Release|Any CPU.Build.0 = Release|Any CPU
		{A5F4C832-D665-405C-AD0F-E8859B00A319}.Release|Any CPU.Deploy.0 = Release|Any CPU
		{A5F4C832-D665-405C-AD0F-E8859B00A319}.Release|ARM.ActiveCfg = Release|Any CPU
		{A5F4C832-D665-405C-AD0F-E8859B00A319}.Release|ARM.Build.0 = Release|Any CPU
		{A5F4C832-D665-405C-AD0F-E8859B00A319}.Release|ARM.Deploy.0 = Release|Any CPU
		{A5F4C832-D665-405C-AD0F-E8859B00A319}.Release|iPhone.ActiveCfg = Release|Any CPU
		{A5F4C832-D665-405C-AD0F-E8859B00A319}.Release|iPhone.Build.0 = Release|Any CPU
		{A5F4C832-D665-405C-AD0F-E8859B00A319}.Release|iPhone.Deploy.0 = Release|Any CPU
		{A5F4C832-D665-405C-AD0F-E8859B00A319}.Release|iPhoneSimulator.ActiveCfg = Release|Any CPU
		{A5F4C832-D665-405C-AD0F-E8859B00A319}.Release|iPhoneSimulator.Build.0 = Release|Any CPU
		{A5F4C832-D665-405C-AD0F-E8859B00A319}.Release|iPhoneSimulator.Deploy.0 = Release|Any CPU
		{A5F4C832-D665-405C-AD0F-E8859B00A319}.Release|x64.ActiveCfg = Release|Any CPU
		{A5F4C832-D665-405C-AD0F-E8859B00A319}.Release|x64.Build.0 = Release|Any CPU
		{A5F4C832-D665-405C-AD0F-E8859B00A319}.Release|x64.Deploy.0 = Release|Any CPU
		{A5F4C832-D665-405C-AD0F-E8859B00A319}.Release|x86.ActiveCfg = Release|Any CPU
		{A5F4C832-D665-405C-AD0F-E8859B00A319}.Release|x86.Build.0 = Release|Any CPU
		{A5F4C832-D665-405C-AD0F-E8859B00A319}.Release|x86.Deploy.0 = Release|Any CPU
	EndGlobalSection
	GlobalSection(SolutionProperties) = preSolution
		HideSolutionNode = FALSE
	EndGlobalSection
EndGlobal
